github.com/google/uuid v1.6.0 h1:NIvaJDMOsjHA8n1jAhLSgzrAzy1Hgr+hNrb57e+94F0=
github.com/google/uuid v1.6.0/go.mod h1:TIyPZe4MgqvfeYDBFedMoGGpEw/LqOeaOT+nhxU+yHo=
github.com/ndsky1003/net v0.0.0-20251205083053-89e282fd956a h1:KVsiINmATSAzfWHua5eU+8eZbar/gB0V2mZzAtlfQB0=
github.com/ndsky1003/net v0.0.0-20251205083053-89e282fd956a/go.mod h1:PdJlj7QZX+e7s5Ig4Zw4Km/+3+yd6H8KTPVsIP8FEY8=
github.com/ndsky1003/net v0.0.0-20251205094338-322695f3d7be h1:I6vbANbNkB0vI+G0e1JSCQBJwwpMbnK1gH8Wn97eHYU=
github.com/ndsky1003/net v0.0.0-20251205094338-322695f3d7be/go.mod h1:PdJlj7QZX+e7s5Ig4Zw4Km/+3+yd6H8KTPVsIP8FEY8=
github.com/ndsky1003/net v0.0.0-20251205095351-a205d45c878f h1:dVIsvgwXnOq0T/wdMnXka+Rm+5U2WvB21mG7SCmwGMc=
github.com/ndsky1003/net v0.0.0-20251205095351-a205d45c878f/go.mod h1:PdJlj7QZX+e7s5Ig4Zw4Km/+3+yd6H8KTPVsIP8FEY8=
